
Microsoft Visual Studio Solution File, Format Version 11.00
# Visual Studio 2010
Project("{FAE04EC0-301F-11D3-BF4B-00C04F79EFBC}") = "Assembly-CSharp", "Assembly-CSharp.csproj", "{4a4e123a-af42-c4a3-9022-f614134c36a5}"
EndProject
Project("{FAE04EC0-301F-11D3-BF4B-00C04F79EFBC}") = "Assembly-CSharp-firstpass", "Assembly-CSharp-firstpass.csproj", "{0b2bc3e9-7ee3-74ca-e89f-52225938038b}"
EndProject
Project("{FAE04EC0-301F-11D3-BF4B-00C04F79EFBC}") = "NavMeshComponents", "NavMeshComponents.csproj", "{3430afb5-e8e9-b617-7838-7cacdf37e08e}"
EndProject
Project("{FAE04EC0-301F-11D3-BF4B-00C04F79EFBC}") = "Assembly-CSharp-Editor-firstpass", "Assembly-CSharp-Editor-firstpass.csproj", "{88e5e02f-ed6f-8a9f-96d5-a1dff50aef70}"
EndProject
Project("{FAE04EC0-301F-11D3-BF4B-00C04F79EFBC}") = "NavMeshComponentsEditor", "NavMeshComponentsEditor.csproj", "{4d06ccb2-cfb1-8b1e-ad72-f67aa08c0e5d}"
EndProject
Project("{FAE04EC0-301F-11D3-BF4B-00C04F79EFBC}") = "Assembly-CSharp-Editor", "Assembly-CSharp-Editor.csproj", "{be343aa8-6910-e016-20e2-3a578dccec0e}"
EndProject
Global
	GlobalSection(SolutionConfigurationPlatforms) = preSolution
		Debug|Any CPU = Debug|Any CPU
	EndGlobalSection
	GlobalSection(ProjectConfigurationPlatforms) = postSolution
		{4a4e123a-af42-c4a3-9022-f614134c36a5}.Debug|Any CPU.ActiveCfg = Debug|Any CPU
		{4a4e123a-af42-c4a3-9022-f614134c36a5}.Debug|Any CPU.Build.0 = Debug|Any CPU
		{0b2bc3e9-7ee3-74ca-e89f-52225938038b}.Debug|Any CPU.ActiveCfg = Debug|Any CPU
		{0b2bc3e9-7ee3-74ca-e89f-52225938038b}.Debug|Any CPU.Build.0 = Debug|Any CPU
		{3430afb5-e8e9-b617-7838-7cacdf37e08e}.Debug|Any CPU.ActiveCfg = Debug|Any CPU
		{3430afb5-e8e9-b617-7838-7cacdf37e08e}.Debug|Any CPU.Build.0 = Debug|Any CPU
		{88e5e02f-ed6f-8a9f-96d5-a1dff50aef70}.Debug|Any CPU.ActiveCfg = Debug|Any CPU
		{88e5e02f-ed6f-8a9f-96d5-a1dff50aef70}.Debug|Any CPU.Build.0 = Debug|Any CPU
		{4d06ccb2-cfb1-8b1e-ad72-f67aa08c0e5d}.Debug|Any CPU.ActiveCfg = Debug|Any CPU
		{4d06ccb2-cfb1-8b1e-ad72-f67aa08c0e5d}.Debug|Any CPU.Build.0 = Debug|Any CPU
		{be343aa8-6910-e016-20e2-3a578dccec0e}.Debug|Any CPU.ActiveCfg = Debug|Any CPU
		{be343aa8-6910-e016-20e2-3a578dccec0e}.Debug|Any CPU.Build.0 = Debug|Any CPU
	EndGlobalSection
	GlobalSection(SolutionProperties) = preSolution
		HideSolutionNode = FALSE
	EndGlobalSection
EndGlobal
